// !$*UTF8*$!
{
	archiveVersion = 1;
	classes = {
	};
	objectVersion = 56;
	objects = {

/* Begin PBXBuildFile section */
		161FF7122A4DD4770096F2C8 /* CoachAndDiverEntries.swift in Sources */ = {isa = PBXBuildFile; fileRef = 161FF7112A4DD4770096F2C8 /* CoachAndDiverEntries.swift */; };
		161FF75B2A55CDBC0096F2C8 /* DiveData.plist in Resources */ = {isa = PBXBuildFile; fileRef = 161FF75A2A55CDBB0096F2C8 /* DiveData.plist */; };
		161FF75F2A5772FD0096F2C8 /* Divers.swift in Sources */ = {isa = PBXBuildFile; fileRef = 161FF75E2A5772FD0096F2C8 /* Divers.swift */; };
		161FF7612A58A7CE0096F2C8 /* ResultsView.swift in Sources */ = {isa = PBXBuildFile; fileRef = 161FF7602A58A7CE0096F2C8 /* ResultsView.swift */; };
		162852A22A4A2BBA00DD559B /* ScoreInfoView.swift in Sources */ = {isa = PBXBuildFile; fileRef = 162852A12A4A2BBA00DD559B /* ScoreInfoView.swift */; };
		16C049E22A3BA6AD003C623D /* Sea_Dragon_Dive_AppApp.swift in Sources */ = {isa = PBXBuildFile; fileRef = 16C049E12A3BA6AD003C623D /* Sea_Dragon_Dive_AppApp.swift */; };
		16C049E62A3BA6AE003C623D /* Assets.xcassets in Resources */ = {isa = PBXBuildFile; fileRef = 16C049E52A3BA6AE003C623D /* Assets.xcassets */; };
		16C049E92A3BA6AE003C623D /* Preview Assets.xcassets in Resources */ = {isa = PBXBuildFile; fileRef = 16C049E82A3BA6AE003C623D /* Preview Assets.xcassets */; };
		16C049EB2A3BA6AE003C623D /* Persistence.swift in Sources */ = {isa = PBXBuildFile; fileRef = 16C049EA2A3BA6AE003C623D /* Persistence.swift */; };
		16C049EE2A3BA6AE003C623D /* Sea_Dragon_Dive_App.xcdatamodeld in Sources */ = {isa = PBXBuildFile; fileRef = 16C049EC2A3BA6AE003C623D /* Sea_Dragon_Dive_App.xcdatamodeld */; };
		16C049F52A3BA6F1003C623D /* LoginScreenView.swift in Sources */ = {isa = PBXBuildFile; fileRef = 16C049F42A3BA6F1003C623D /* LoginScreenView.swift */; };
		16C049FA2A3BC968003C623D /* AddDiversView.swift in Sources */ = {isa = PBXBuildFile; fileRef = 16C049F92A3BC968003C623D /* AddDiversView.swift */; };
		16C04A022A3D138D003C623D /* ScoreSelectorView.swift in Sources */ = {isa = PBXBuildFile; fileRef = 16C04A012A3D138D003C623D /* ScoreSelectorView.swift */; };
		16C04A042A40B642003C623D /* ScoreView.swift in Sources */ = {isa = PBXBuildFile; fileRef = 16C04A032A40B642003C623D /* ScoreView.swift */; };
		16C04A072A423412003C623D /* CodeScanner in Frameworks */ = {isa = PBXBuildFile; productRef = 16C04A062A423412003C623D /* CodeScanner */; };
		16C04A0E2A424EFA003C623D /* Dives.swift in Sources */ = {isa = PBXBuildFile; fileRef = 16C04A0D2A424EFA003C623D /* Dives.swift */; };
		16C04A142A44D01B003C623D /* Scores.swift in Sources */ = {isa = PBXBuildFile; fileRef = 16C04A132A44D01B003C623D /* Scores.swift */; };
/* End PBXBuildFile section */

/* Begin PBXFileReference section */
		161FF7112A4DD4770096F2C8 /* CoachAndDiverEntries.swift */ = {isa = PBXFileReference; lastKnownFileType = sourcecode.swift; path = CoachAndDiverEntries.swift; sourceTree = "<group>"; };
		161FF75A2A55CDBB0096F2C8 /* DiveData.plist */ = {isa = PBXFileReference; lastKnownFileType = text.plist.xml; path = DiveData.plist; sourceTree = "<group>"; };
		161FF75E2A5772FD0096F2C8 /* Divers.swift */ = {isa = PBXFileReference; lastKnownFileType = sourcecode.swift; path = Divers.swift; sourceTree = "<group>"; };
		161FF7602A58A7CE0096F2C8 /* ResultsView.swift */ = {isa = PBXFileReference; lastKnownFileType = sourcecode.swift; path = ResultsView.swift; sourceTree = "<group>"; };
		162852A12A4A2BBA00DD559B /* ScoreInfoView.swift */ = {isa = PBXFileReference; lastKnownFileType = sourcecode.swift; path = ScoreInfoView.swift; sourceTree = "<group>"; };
		16C049DE2A3BA6AD003C623D /* Sea Dragon Dive App.app */ = {isa = PBXFileReference; explicitFileType = wrapper.application; includeInIndex = 0; path = "Sea Dragon Dive App.app"; sourceTree = BUILT_PRODUCTS_DIR; };
		16C049E12A3BA6AD003C623D /* Sea_Dragon_Dive_AppApp.swift */ = {isa = PBXFileReference; lastKnownFileType = sourcecode.swift; path = Sea_Dragon_Dive_AppApp.swift; sourceTree = "<group>"; };
		16C049E52A3BA6AE003C623D /* Assets.xcassets */ = {isa = PBXFileReference; lastKnownFileType = folder.assetcatalog; path = Assets.xcassets; sourceTree = "<group>"; };
		16C049E82A3BA6AE003C623D /* Preview Assets.xcassets */ = {isa = PBXFileReference; lastKnownFileType = folder.assetcatalog; path = "Preview Assets.xcassets"; sourceTree = "<group>"; };
		16C049EA2A3BA6AE003C623D /* Persistence.swift */ = {isa = PBXFileReference; lastKnownFileType = sourcecode.swift; path = Persistence.swift; sourceTree = "<group>"; };
		16C049ED2A3BA6AE003C623D /* Sea_Dragon_Dive_App.xcdatamodel */ = {isa = PBXFileReference; lastKnownFileType = wrapper.xcdatamodel; path = Sea_Dragon_Dive_App.xcdatamodel; sourceTree = "<group>"; };
		16C049F42A3BA6F1003C623D /* LoginScreenView.swift */ = {isa = PBXFileReference; lastKnownFileType = sourcecode.swift; path = LoginScreenView.swift; sourceTree = "<group>"; };
		16C049F92A3BC968003C623D /* AddDiversView.swift */ = {isa = PBXFileReference; lastKnownFileType = sourcecode.swift; path = AddDiversView.swift; sourceTree = "<group>"; };
		16C04A012A3D138D003C623D /* ScoreSelectorView.swift */ = {isa = PBXFileReference; lastKnownFileType = sourcecode.swift; path = ScoreSelectorView.swift; sourceTree = "<group>"; };
		16C04A032A40B642003C623D /* ScoreView.swift */ = {isa = PBXFileReference; lastKnownFileType = sourcecode.swift; path = ScoreView.swift; sourceTree = "<group>"; };
		16C04A0D2A424EFA003C623D /* Dives.swift */ = {isa = PBXFileReference; lastKnownFileType = sourcecode.swift; path = Dives.swift; sourceTree = "<group>"; };
		16C04A132A44D01B003C623D /* Scores.swift */ = {isa = PBXFileReference; lastKnownFileType = sourcecode.swift; path = Scores.swift; sourceTree = "<group>"; };
/* End PBXFileReference section */

/* Begin PBXFrameworksBuildPhase section */
		16C049DB2A3BA6AD003C623D /* Frameworks */ = {
			isa = PBXFrameworksBuildPhase;
			buildActionMask = 2147483647;
			files = (
				16C04A072A423412003C623D /* CodeScanner in Frameworks */,
			);
			runOnlyForDeploymentPostprocessing = 0;
		};
/* End PBXFrameworksBuildPhase section */

/* Begin PBXGroup section */
		161FF7142A4E22890096F2C8 /* Scoring */ = {
			isa = PBXGroup;
			children = (
				16C049F92A3BC968003C623D /* AddDiversView.swift */,
				16C04A032A40B642003C623D /* ScoreView.swift */,
				162852A12A4A2BBA00DD559B /* ScoreInfoView.swift */,
				16C04A012A3D138D003C623D /* ScoreSelectorView.swift */,
				161FF7602A58A7CE0096F2C8 /* ResultsView.swift */,
			);
			path = Scoring;
			sourceTree = "<group>";
		};
		16C049D52A3BA6AD003C623D = {
			isa = PBXGroup;
			children = (
				16C049E02A3BA6AD003C623D /* Sea Dragon Dive App */,
				16C049DF2A3BA6AD003C623D /* Products */,
			);
			sourceTree = "<group>";
		};
		16C049DF2A3BA6AD003C623D /* Products */ = {
			isa = PBXGroup;
			children = (
				16C049DE2A3BA6AD003C623D /* Sea Dragon Dive App.app */,
			);
			name = Products;
			sourceTree = "<group>";
		};
		16C049E02A3BA6AD003C623D /* Sea Dragon Dive App */ = {
			isa = PBXGroup;
			children = (
				16C049E12A3BA6AD003C623D /* Sea_Dragon_Dive_AppApp.swift */,
				161FF75A2A55CDBB0096F2C8 /* DiveData.plist */,
				16C04A082A424005003C623D /* Models */,
				16C049F62A3BB085003C623D /* Views */,
				16C049E52A3BA6AE003C623D /* Assets.xcassets */,
				16C049EA2A3BA6AE003C623D /* Persistence.swift */,
				16C049EC2A3BA6AE003C623D /* Sea_Dragon_Dive_App.xcdatamodeld */,
				16C049E72A3BA6AE003C623D /* Preview Content */,
			);
			path = "Sea Dragon Dive App";
			sourceTree = "<group>";
		};
		16C049E72A3BA6AE003C623D /* Preview Content */ = {
			isa = PBXGroup;
			children = (
				16C049E82A3BA6AE003C623D /* Preview Assets.xcassets */,
			);
			path = "Preview Content";
			sourceTree = "<group>";
		};
		16C049F62A3BB085003C623D /* Views */ = {
			isa = PBXGroup;
			children = (
				16C049F42A3BA6F1003C623D /* LoginScreenView.swift */,
				161FF7142A4E22890096F2C8 /* Scoring */,
			);
			path = Views;
			sourceTree = "<group>";
		};
		16C04A082A424005003C623D /* Models */ = {
			isa = PBXGroup;
			children = (
				16C04A0D2A424EFA003C623D /* Dives.swift */,
				161FF75E2A5772FD0096F2C8 /* Divers.swift */,
				16C04A132A44D01B003C623D /* Scores.swift */,
				161FF7112A4DD4770096F2C8 /* CoachAndDiverEntries.swift */,
			);
			path = Models;
			sourceTree = "<group>";
		};
/* End PBXGroup section */

/* Begin PBXNativeTarget section */
		16C049DD2A3BA6AD003C623D /* Sea Dragon Dive App */ = {
			isa = PBXNativeTarget;
			buildConfigurationList = 16C049F12A3BA6AE003C623D /* Build configuration list for PBXNativeTarget "Sea Dragon Dive App" */;
			buildPhases = (
				16C049DA2A3BA6AD003C623D /* Sources */,
				16C049DB2A3BA6AD003C623D /* Frameworks */,
				16C049DC2A3BA6AD003C623D /* Resources */,
			);
			buildRules = (
			);
			dependencies = (
			);
			name = "Sea Dragon Dive App";
			packageProductDependencies = (
				16C04A062A423412003C623D /* CodeScanner */,
			);
			productName = "Sea Dragon Dive App";
			productReference = 16C049DE2A3BA6AD003C623D /* Sea Dragon Dive App.app */;
			productType = "com.apple.product-type.application";
		};
/* End PBXNativeTarget section */

/* Begin PBXProject section */
		16C049D62A3BA6AD003C623D /* Project object */ = {
			isa = PBXProject;
			attributes = {
				BuildIndependentTargetsInParallel = 1;
				LastSwiftUpdateCheck = 1430;
				LastUpgradeCheck = 1430;
				TargetAttributes = {
					16C049DD2A3BA6AD003C623D = {
						CreatedOnToolsVersion = 14.3.1;
					};
				};
			};
			buildConfigurationList = 16C049D92A3BA6AD003C623D /* Build configuration list for PBXProject "Sea Dragon Dive App" */;
			compatibilityVersion = "Xcode 14.0";
			developmentRegion = en;
			hasScannedForEncodings = 0;
			knownRegions = (
				en,
				Base,
			);
			mainGroup = 16C049D52A3BA6AD003C623D;
			packageReferences = (
				16C04A052A423412003C623D /* XCRemoteSwiftPackageReference "CodeScanner" */,
			);
			productRefGroup = 16C049DF2A3BA6AD003C623D /* Products */;
			projectDirPath = "";
			projectRoot = "";
			targets = (
				16C049DD2A3BA6AD003C623D /* Sea Dragon Dive App */,
			);
		};
/* End PBXProject section */

/* Begin PBXResourcesBuildPhase section */
		16C049DC2A3BA6AD003C623D /* Resources */ = {
			isa = PBXResourcesBuildPhase;
			buildActionMask = 2147483647;
			files = (
				16C049E92A3BA6AE003C623D /* Preview Assets.xcassets in Resources */,
				161FF75B2A55CDBC0096F2C8 /* DiveData.plist in Resources */,
				16C049E62A3BA6AE003C623D /* Assets.xcassets in Resources */,
			);
			runOnlyForDeploymentPostprocessing = 0;
		};
/* End PBXResourcesBuildPhase section */

/* Begin PBXSourcesBuildPhase section */
		16C049DA2A3BA6AD003C623D /* Sources */ = {
			isa = PBXSourcesBuildPhase;
			buildActionMask = 2147483647;
			files = (
				16C049F52A3BA6F1003C623D /* LoginScreenView.swift in Sources */,
				16C049EE2A3BA6AE003C623D /* Sea_Dragon_Dive_App.xcdatamodeld in Sources */,
				161FF7612A58A7CE0096F2C8 /* ResultsView.swift in Sources */,
				16C04A042A40B642003C623D /* ScoreView.swift in Sources */,
				16C04A022A3D138D003C623D /* ScoreSelectorView.swift in Sources */,
				161FF75F2A5772FD0096F2C8 /* Divers.swift in Sources */,
				16C049EB2A3BA6AE003C623D /* Persistence.swift in Sources */,
				16C04A0E2A424EFA003C623D /* Dives.swift in Sources */,
				162852A22A4A2BBA00DD559B /* ScoreInfoView.swift in Sources */,
				16C049FA2A3BC968003C623D /* AddDiversView.swift in Sources */,
				161FF7122A4DD4770096F2C8 /* CoachAndDiverEntries.swift in Sources */,
				16C04A142A44D01B003C623D /* Scores.swift in Sources */,
				16C049E22A3BA6AD003C623D /* Sea_Dragon_Dive_AppApp.swift in Sources */,
			);
			runOnlyForDeploymentPostprocessing = 0;
		};
/* End PBXSourcesBuildPhase section */

/* Begin XCBuildConfiguration section */
		16C049EF2A3BA6AE003C623D /* Debug */ = {
			isa = XCBuildConfiguration;
			buildSettings = {
				ALWAYS_SEARCH_USER_PATHS = NO;
				CLANG_ANALYZER_NONNULL = YES;
				CLANG_ANALYZER_NUMBER_OBJECT_CONVERSION = YES_AGGRESSIVE;
				CLANG_CXX_LANGUAGE_STANDARD = "gnu++20";
				CLANG_ENABLE_MODULES = YES;
				CLANG_ENABLE_OBJC_ARC = YES;
				CLANG_ENABLE_OBJC_WEAK = YES;
				CLANG_WARN_BLOCK_CAPTURE_AUTORELEASING = YES;
				CLANG_WARN_BOOL_CONVERSION = YES;
				CLANG_WARN_COMMA = YES;
				CLANG_WARN_CONSTANT_CONVERSION = YES;
				CLANG_WARN_DEPRECATED_OBJC_IMPLEMENTATIONS = YES;
				CLANG_WARN_DIRECT_OBJC_ISA_USAGE = YES_ERROR;
				CLANG_WARN_DOCUMENTATION_COMMENTS = YES;
				CLANG_WARN_EMPTY_BODY = YES;
				CLANG_WARN_ENUM_CONVERSION = YES;
				CLANG_WARN_INFINITE_RECURSION = YES;
				CLANG_WARN_INT_CONVERSION = YES;
				CLANG_WARN_NON_LITERAL_NULL_CONVERSION = YES;
				CLANG_WARN_OBJC_IMPLICIT_RETAIN_SELF = YES;
				CLANG_WARN_OBJC_LITERAL_CONVERSION = YES;
				CLANG_WARN_OBJC_ROOT_CLASS = YES_ERROR;
				CLANG_WARN_QUOTED_INCLUDE_IN_FRAMEWORK_HEADER = YES;
				CLANG_WARN_RANGE_LOOP_ANALYSIS = YES;
				CLANG_WARN_STRICT_PROTOTYPES = YES;
				CLANG_WARN_SUSPICIOUS_MOVE = YES;
				CLANG_WARN_UNGUARDED_AVAILABILITY = YES_AGGRESSIVE;
				CLANG_WARN_UNREACHABLE_CODE = YES;
				CLANG_WARN__DUPLICATE_METHOD_MATCH = YES;
				COPY_PHASE_STRIP = NO;
				DEBUG_INFORMATION_FORMAT = dwarf;
				ENABLE_STRICT_OBJC_MSGSEND = YES;
				ENABLE_TESTABILITY = YES;
				GCC_C_LANGUAGE_STANDARD = gnu11;
				GCC_DYNAMIC_NO_PIC = NO;
				GCC_NO_COMMON_BLOCKS = YES;
				GCC_OPTIMIZATION_LEVEL = 0;
				GCC_PREPROCESSOR_DEFINITIONS = (
					"DEBUG=1",
					"$(inherited)",
				);
				GCC_WARN_64_TO_32_BIT_CONVERSION = YES;
				GCC_WARN_ABOUT_RETURN_TYPE = YES_ERROR;
				GCC_WARN_UNDECLARED_SELECTOR = YES;
				GCC_WARN_UNINITIALIZED_AUTOS = YES_AGGRESSIVE;
				GCC_WARN_UNUSED_FUNCTION = YES;
				GCC_WARN_UNUSED_VARIABLE = YES;
				IPHONEOS_DEPLOYMENT_TARGET = 16.4;
				MTL_ENABLE_DEBUG_INFO = INCLUDE_SOURCE;
				MTL_FAST_MATH = YES;
				ONLY_ACTIVE_ARCH = YES;
				SDKROOT = iphoneos;
				SWIFT_ACTIVE_COMPILATION_CONDITIONS = DEBUG;
				SWIFT_OPTIMIZATION_LEVEL = "-Onone";
			};
			name = Debug;
		};
		16C049F02A3BA6AE003C623D /* Release */ = {
			isa = XCBuildConfiguration;
			buildSettings = {
				ALWAYS_SEARCH_USER_PATHS = NO;
				CLANG_ANALYZER_NONNULL = YES;
				CLANG_ANALYZER_NUMBER_OBJECT_CONVERSION = YES_AGGRESSIVE;
				CLANG_CXX_LANGUAGE_STANDARD = "gnu++20";
				CLANG_ENABLE_MODULES = YES;
				CLANG_ENABLE_OBJC_ARC = YES;
				CLANG_ENABLE_OBJC_WEAK = YES;
				CLANG_WARN_BLOCK_CAPTURE_AUTORELEASING = YES;
				CLANG_WARN_BOOL_CONVERSION = YES;
				CLANG_WARN_COMMA = YES;
				CLANG_WARN_CONSTANT_CONVERSION = YES;
				CLANG_WARN_DEPRECATED_OBJC_IMPLEMENTATIONS = YES;
				CLANG_WARN_DIRECT_OBJC_ISA_USAGE = YES_ERROR;
				CLANG_WARN_DOCUMENTATION_COMMENTS = YES;
				CLANG_WARN_EMPTY_BODY = YES;
				CLANG_WARN_ENUM_CONVERSION = YES;
				CLANG_WARN_INFINITE_RECURSION = YES;
				CLANG_WARN_INT_CONVERSION = YES;
				CLANG_WARN_NON_LITERAL_NULL_CONVERSION = YES;
				CLANG_WARN_OBJC_IMPLICIT_RETAIN_SELF = YES;
				CLANG_WARN_OBJC_LITERAL_CONVERSION = YES;
				CLANG_WARN_OBJC_ROOT_CLASS = YES_ERROR;
				CLANG_WARN_QUOTED_INCLUDE_IN_FRAMEWORK_HEADER = YES;
				CLANG_WARN_RANGE_LOOP_ANALYSIS = YES;
				CLANG_WARN_STRICT_PROTOTYPES = YES;
				CLANG_WARN_SUSPICIOUS_MOVE = YES;
				CLANG_WARN_UNGUARDED_AVAILABILITY = YES_AGGRESSIVE;
				CLANG_WARN_UNREACHABLE_CODE = YES;
				CLANG_WARN__DUPLICATE_METHOD_MATCH = YES;
				COPY_PHASE_STRIP = NO;
				DEBUG_INFORMATION_FORMAT = "dwarf-with-dsym";
				ENABLE_NS_ASSERTIONS = NO;
				ENABLE_STRICT_OBJC_MSGSEND = YES;
				GCC_C_LANGUAGE_STANDARD = gnu11;
				GCC_NO_COMMON_BLOCKS = YES;
				GCC_WARN_64_TO_32_BIT_CONVERSION = YES;
				GCC_WARN_ABOUT_RETURN_TYPE = YES_ERROR;
				GCC_WARN_UNDECLARED_SELECTOR = YES;
				GCC_WARN_UNINITIALIZED_AUTOS = YES_AGGRESSIVE;
				GCC_WARN_UNUSED_FUNCTION = YES;
				GCC_WARN_UNUSED_VARIABLE = YES;
				IPHONEOS_DEPLOYMENT_TARGET = 16.4;
				MTL_ENABLE_DEBUG_INFO = NO;
				MTL_FAST_MATH = YES;
				SDKROOT = iphoneos;
				SWIFT_COMPILATION_MODE = wholemodule;
				SWIFT_OPTIMIZATION_LEVEL = "-O";
				VALIDATE_PRODUCT = YES;
			};
			name = Release;
		};
		16C049F22A3BA6AE003C623D /* Debug */ = {
			isa = XCBuildConfiguration;
			buildSettings = {
				ASSETCATALOG_COMPILER_APPICON_NAME = AppIcon;
				ASSETCATALOG_COMPILER_GLOBAL_ACCENT_COLOR_NAME = AccentColor;
				CODE_SIGN_STYLE = Automatic;
				CURRENT_PROJECT_VERSION = 1;
				DEVELOPMENT_ASSET_PATHS = "\"Sea Dragon Dive App/Preview Content\"";
				DEVELOPMENT_TEAM = J3WKRLGM6Q;
				ENABLE_PREVIEWS = YES;
				GENERATE_INFOPLIST_FILE = YES;
				INFOPLIST_KEY_NSCameraUsageDescription = "This app uses the camera to scan QR codes.";
				INFOPLIST_KEY_UIApplicationSceneManifest_Generation = YES;
				INFOPLIST_KEY_UIApplicationSupportsIndirectInputEvents = YES;
				INFOPLIST_KEY_UILaunchScreen_Generation = YES;
				INFOPLIST_KEY_UISupportedInterfaceOrientations = "UIInterfaceOrientationLandscapeLeft UIInterfaceOrientationLandscapeRight UIInterfaceOrientationPortrait";
				INFOPLIST_KEY_UISupportedInterfaceOrientations_iPad = "UIInterfaceOrientationLandscapeLeft UIInterfaceOrientationLandscapeRight UIInterfaceOrientationPortrait UIInterfaceOrientationPortraitUpsideDown";
				LD_RUNPATH_SEARCH_PATHS = (
					"$(inherited)",
					"@executable_path/Frameworks",
				);
				MARKETING_VERSION = 1.0;
				PRODUCT_BUNDLE_IDENTIFIER = "SoggySandwich.Sea-Dragon-Dive-App";
				PRODUCT_NAME = "$(TARGET_NAME)";
				SUPPORTED_PLATFORMS = "iphoneos iphonesimulator";
				SUPPORTS_MACCATALYST = NO;
				SUPPORTS_MAC_DESIGNED_FOR_IPHONE_IPAD = YES;
				SWIFT_EMIT_LOC_STRINGS = YES;
				SWIFT_VERSION = 5.0;
				TARGETED_DEVICE_FAMILY = "1,2";
			};
			name = Debug;
		};
		16C049F32A3BA6AE003C623D /* Release */ = {
			isa = XCBuildConfiguration;
			buildSettings = {
				ASSETCATALOG_COMPILER_APPICON_NAME = AppIcon;
				ASSETCATALOG_COMPILER_GLOBAL_ACCENT_COLOR_NAME = AccentColor;
				CODE_SIGN_STYLE = Automatic;
				CURRENT_PROJECT_VERSION = 1;
				DEVELOPMENT_ASSET_PATHS = "\"Sea Dragon Dive App/Preview Content\"";
				DEVELOPMENT_TEAM = J3WKRLGM6Q;
				ENABLE_PREVIEWS = YES;
				GENERATE_INFOPLIST_FILE = YES;
				INFOPLIST_KEY_NSCameraUsageDescription = "This app uses the camera to scan QR codes.";
				INFOPLIST_KEY_UIApplicationSceneManifest_Generation = YES;
				INFOPLIST_KEY_UIApplicationSupportsIndirectInputEvents = YES;
				INFOPLIST_KEY_UILaunchScreen_Generation = YES;
				INFOPLIST_KEY_UISupportedInterfaceOrientations = "UIInterfaceOrientationLandscapeLeft UIInterfaceOrientationLandscapeRight UIInterfaceOrientationPortrait";
				INFOPLIST_KEY_UISupportedInterfaceOrientations_iPad = "UIInterfaceOrientationLandscapeLeft UIInterfaceOrientationLandscapeRight UIInterfaceOrientationPortrait UIInterfaceOrientationPortraitUpsideDown";
				LD_RUNPATH_SEARCH_PATHS = (
					"$(inherited)",
					"@executable_path/Frameworks",
				);
				MARKETING_VERSION = 1.0;
				PRODUCT_BUNDLE_IDENTIFIER = "SoggySandwich.Sea-Dragon-Dive-App";
				PRODUCT_NAME = "$(TARGET_NAME)";
				SUPPORTED_PLATFORMS = "iphoneos iphonesimulator";
				SUPPORTS_MACCATALYST = NO;
				SUPPORTS_MAC_DESIGNED_FOR_IPHONE_IPAD = YES;
				SWIFT_EMIT_LOC_STRINGS = YES;
				SWIFT_VERSION = 5.0;
				TARGETED_DEVICE_FAMILY = "1,2";
			};
			name = Release;
		};
/* End XCBuildConfiguration section */

/* Begin XCConfigurationList section */
		16C049D92A3BA6AD003C623D /* Build configuration list for PBXProject "Sea Dragon Dive App" */ = {
			isa = XCConfigurationList;
			buildConfigurations = (
				16C049EF2A3BA6AE003C623D /* Debug */,
				16C049F02A3BA6AE003C623D /* Release */,
			);
			defaultConfigurationIsVisible = 0;
			defaultConfigurationName = Release;
		};
		16C049F12A3BA6AE003C623D /* Build configuration list for PBXNativeTarget "Sea Dragon Dive App" */ = {
			isa = XCConfigurationList;
			buildConfigurations = (
				16C049F22A3BA6AE003C623D /* Debug */,
				16C049F32A3BA6AE003C623D /* Release */,
			);
			defaultConfigurationIsVisible = 0;
			defaultConfigurationName = Release;
		};
/* End XCConfigurationList section */

/* Begin XCRemoteSwiftPackageReference section */
		16C04A052A423412003C623D /* XCRemoteSwiftPackageReference "CodeScanner" */ = {
			isa = XCRemoteSwiftPackageReference;
			repositoryURL = "https://github.com/twostraws/CodeScanner";
			requirement = {
				kind = upToNextMajorVersion;
				minimumVersion = 2.0.0;
			};
		};
/* End XCRemoteSwiftPackageReference section */

/* Begin XCSwiftPackageProductDependency section */
		16C04A062A423412003C623D /* CodeScanner */ = {
			isa = XCSwiftPackageProductDependency;
			package = 16C04A052A423412003C623D /* XCRemoteSwiftPackageReference "CodeScanner" */;
			productName = CodeScanner;
		};
/* End XCSwiftPackageProductDependency section */

/* Begin XCVersionGroup section */
		16C049EC2A3BA6AE003C623D /* Sea_Dragon_Dive_App.xcdatamodeld */ = {
			isa = XCVersionGroup;
			children = (
				16C049ED2A3BA6AE003C623D /* Sea_Dragon_Dive_App.xcdatamodel */,
			);
			currentVersion = 16C049ED2A3BA6AE003C623D /* Sea_Dragon_Dive_App.xcdatamodel */;
			path = Sea_Dragon_Dive_App.xcdatamodeld;
			sourceTree = "<group>";
			versionGroupType = wrapper.xcdatamodel;
		};
/* End XCVersionGroup section */
	};
	rootObject = 16C049D62A3BA6AD003C623D /* Project object */;
}
